{
  "name": "pretty_good_payments",
  "lockfileVersion": 3,
  "requires": true,
  "packages": {
    "": {
      "dependencies": {
        "@zk-kit/binary-merkle-root.circom": "^2.0.0"
      }
    },
    "node_modules/@zk-kit/binary-merkle-root.circom": {
      "version": "2.0.0",
      "resolved": "https://registry.npmjs.org/@zk-kit/binary-merkle-root.circom/-/binary-merkle-root.circom-2.0.0.tgz",
      "integrity": "sha512-YaOmt1tq9mGwuQmk6ijlNbBRT71dxZciyuGOaNyL4eyosOeQbiM3u0WFDWbaHaKonpYupDn2Z5gUDHy0dtH0uQ==",
      "dependencies": {
        "circomlib": "^2.0.5"
      }
    },
    "node_modules/circomlib": {
      "version": "2.0.5",
      "resolved": "https://registry.npmjs.org/circomlib/-/circomlib-2.0.5.tgz",
      "integrity": "sha512-O7NQ8OS+J4eshBuoy36z/TwQU0YHw8W3zxZcs4hVwpEll3e4hDm3mgkIPqItN8FDeLEKZFK3YeT/+k8TiLF3/A=="
    }
  }
}
